
Microsoft Visual Studio Solution File, Format Version 12.00
# Visual Studio Version 16
VisualStudioVersion = 16.0.30907.101
MinimumVisualStudioVersion = 10.0.40219.1
Project("{9A19103F-16F7-4668-BE54-9A1E7A4F7556}") = "CampIntro", "CampIntro\CampIntro.csproj", "{C2847466-35D5-4537-9CBF-19970CB3A738}"
EndProject
Project("{9A19103F-16F7-4668-BE54-9A1E7A4F7556}") = "Donguler", "Donguler\Donguler.csproj", "{E695B8E7-7B94-4323-817D-39C5DD8ED03E}"
EndProject
Project("{9A19103F-16F7-4668-BE54-9A1E7A4F7556}") = "ClassIntro", "ClassIntro\ClassIntro.csproj", "{CCD9C8E5-16FD-46B4-8888-2B8A17552CCD}"
EndProject
Project("{9A19103F-16F7-4668-BE54-9A1E7A4F7556}") = "Methods", "Methods\Methods.csproj", "{F3EC621B-41FD-4FD9-8335-1073B263A7BA}"
EndProject
Project("{FAE04EC0-301F-11D3-BF4B-00C04F79EFBC}") = "ClassMethodDemo", "ClassMethodDemo\ClassMethodDemo.csproj", "{814B54AE-A677-41B8-B39A-2A79FDE3E104}"
EndProject
Global
	GlobalSection(SolutionConfigurationPlatforms) = preSolution
		Debug|Any CPU = Debug|Any CPU
		Release|Any CPU = Release|Any CPU
	EndGlobalSection
	GlobalSection(ProjectConfigurationPlatforms) = postSolution
		{C2847466-35D5-4537-9CBF-19970CB3A738}.Debug|Any CPU.ActiveCfg = Debug|Any CPU
		{C2847466-35D5-4537-9CBF-19970CB3A738}.Debug|Any CPU.Build.0 = Debug|Any CPU
		{C2847466-35D5-4537-9CBF-19970CB3A738}.Release|Any CPU.ActiveCfg = Release|Any CPU
		{C2847466-35D5-4537-9CBF-19970CB3A738}.Release|Any CPU.Build.0 = Release|Any CPU
		{E695B8E7-7B94-4323-817D-39C5DD8ED03E}.Debug|Any CPU.ActiveCfg = Debug|Any CPU
		{E695B8E7-7B94-4323-817D-39C5DD8ED03E}.Debug|Any CPU.Build.0 = Debug|Any CPU
		{E695B8E7-7B94-4323-817D-39C5DD8ED03E}.Release|Any CPU.ActiveCfg = Release|Any CPU
		{E695B8E7-7B94-4323-817D-39C5DD8ED03E}.Release|Any CPU.Build.0 = Release|Any CPU
		{CCD9C8E5-16FD-46B4-8888-2B8A17552CCD}.Debug|Any CPU.ActiveCfg = Debug|Any CPU
		{CCD9C8E5-16FD-46B4-8888-2B8A17552CCD}.Debug|Any CPU.Build.0 = Debug|Any CPU
		{CCD9C8E5-16FD-46B4-8888-2B8A17552CCD}.Release|Any CPU.ActiveCfg = Release|Any CPU
		{CCD9C8E5-16FD-46B4-8888-2B8A17552CCD}.Release|Any CPU.Build.0 = Release|Any CPU
		{F3EC621B-41FD-4FD9-8335-1073B263A7BA}.Debug|Any CPU.ActiveCfg = Debug|Any CPU
		{F3EC621B-41FD-4FD9-8335-1073B263A7BA}.Debug|Any CPU.Build.0 = Debug|Any CPU
		{F3EC621B-41FD-4FD9-8335-1073B263A7BA}.Release|Any CPU.ActiveCfg = Release|Any CPU
		{F3EC621B-41FD-4FD9-8335-1073B263A7BA}.Release|Any CPU.Build.0 = Release|Any CPU
		{814B54AE-A677-41B8-B39A-2A79FDE3E104}.Debug|Any CPU.ActiveCfg = Debug|Any CPU
		{814B54AE-A677-41B8-B39A-2A79FDE3E104}.Debug|Any CPU.Build.0 = Debug|Any CPU
		{814B54AE-A677-41B8-B39A-2A79FDE3E104}.Release|Any CPU.ActiveCfg = Release|Any CPU
		{814B54AE-A677-41B8-B39A-2A79FDE3E104}.Release|Any CPU.Build.0 = Release|Any CPU
	EndGlobalSection
	GlobalSection(SolutionProperties) = preSolution
		HideSolutionNode = FALSE
	EndGlobalSection
	GlobalSection(ExtensibilityGlobals) = postSolution
		SolutionGuid = {04A8B965-9519-475D-B18B-B1245B38A2CC}
	EndGlobalSection
EndGlobal
